
Microsoft Visual Studio Solution File, Format Version 12.00
# Visual Studio Version 17
VisualStudioVersion = 17.14.36212.18 d17.14
MinimumVisualStudioVersion = 10.0.40219.1
Project("{FAE04EC0-301F-11D3-BF4B-00C04F79EFBC}") = "w3_sort_customer_orders", "w3_sort_customer_orders\w3_sort_customer_orders.csproj", "{5D81F07A-5CB5-4C11-8872-1312BF614320}"
EndProject
Global
	GlobalSection(SolutionConfigurationPlatforms) = preSolution
		Debug|Any CPU = Debug|Any CPU
		Release|Any CPU = Release|Any CPU
	EndGlobalSection
	GlobalSection(ProjectConfigurationPlatforms) = postSolution
		{5D81F07A-5CB5-4C11-8872-1312BF614320}.Debug|Any CPU.ActiveCfg = Debug|Any CPU
		{5D81F07A-5CB5-4C11-8872-1312BF614320}.Debug|Any CPU.Build.0 = Debug|Any CPU
		{5D81F07A-5CB5-4C11-8872-1312BF614320}.Release|Any CPU.ActiveCfg = Release|Any CPU
		{5D81F07A-5CB5-4C11-8872-1312BF614320}.Release|Any CPU.Build.0 = Release|Any CPU
	EndGlobalSection
	GlobalSection(SolutionProperties) = preSolution
		HideSolutionNode = FALSE
	EndGlobalSection
	GlobalSection(ExtensibilityGlobals) = postSolution
		SolutionGuid = {94EBE758-E1D9-4CB3-B27F-E4C87ECB57E2}
	EndGlobalSection
EndGlobal
